
Microsoft Visual Studio Solution File, Format Version 12.00
# Visual Studio Version 17
VisualStudioVersion = 17.5.33516.290
MinimumVisualStudioVersion = 10.0.40219.1
Project("{8BC9CEB8-8B4A-11D0-8D11-00A0C91BC942}") = "AOC-2015-D1", "AOC-2015-D1\AOC-2015-D1.vcxproj", "{070D6E5B-9149-4D40-A0BE-947AD007F355}"
EndProject
Project("{8BC9CEB8-8B4A-11D0-8D11-00A0C91BC942}") = "AOC-2015-D2", "AOC-2015-D2\AOC-2015-D2.vcxproj", "{948D6253-7871-435E-A6E4-5377F460A82A}"
EndProject
Project("{8BC9CEB8-8B4A-11D0-8D11-00A0C91BC942}") = "AOC-2015-D3", "AOC-2015-D3\AOC-2015-D3.vcxproj", "{15B84AB9-8A73-46E5-908B-0860730659FC}"
EndProject
Project("{8BC9CEB8-8B4A-11D0-8D11-00A0C91BC942}") = "AOC-2015-D4", "AOC-2015-D4\AOC-2015-D4.vcxproj", "{BD44947D-17F7-46A3-B9A4-2FEBF1638DE1}"
EndProject
Project("{8BC9CEB8-8B4A-11D0-8D11-00A0C91BC942}") = "AOC-2015-D5", "AOC-2015-D5\AOC-2015-D5.vcxproj", "{A5B5D0B6-EC3D-4CD3-8944-0CD46745ACBD}"
EndProject
Project("{8BC9CEB8-8B4A-11D0-8D11-00A0C91BC942}") = "AOC-2015-D6", "AOC-2015-D6\AOC-2015-D6.vcxproj", "{A93D6EC3-A130-4CE6-AE04-810B34722D7C}"
EndProject
Global
	GlobalSection(SolutionConfigurationPlatforms) = preSolution
		Debug|x64 = Debug|x64
		Debug|x86 = Debug|x86
		Release|x64 = Release|x64
		Release|x86 = Release|x86
	EndGlobalSection
	GlobalSection(ProjectConfigurationPlatforms) = postSolution
		{070D6E5B-9149-4D40-A0BE-947AD007F355}.Debug|x64.ActiveCfg = Debug|x64
		{070D6E5B-9149-4D40-A0BE-947AD007F355}.Debug|x64.Build.0 = Debug|x64
		{070D6E5B-9149-4D40-A0BE-947AD007F355}.Debug|x86.ActiveCfg = Debug|Win32
		{070D6E5B-9149-4D40-A0BE-947AD007F355}.Debug|x86.Build.0 = Debug|Win32
		{070D6E5B-9149-4D40-A0BE-947AD007F355}.Release|x64.ActiveCfg = Release|x64
		{070D6E5B-9149-4D40-A0BE-947AD007F355}.Release|x64.Build.0 = Release|x64
		{070D6E5B-9149-4D40-A0BE-947AD007F355}.Release|x86.ActiveCfg = Release|Win32
		{070D6E5B-9149-4D40-A0BE-947AD007F355}.Release|x86.Build.0 = Release|Win32
		{948D6253-7871-435E-A6E4-5377F460A82A}.Debug|x64.ActiveCfg = Debug|x64
		{948D6253-7871-435E-A6E4-5377F460A82A}.Debug|x64.Build.0 = Debug|x64
		{948D6253-7871-435E-A6E4-5377F460A82A}.Debug|x86.ActiveCfg = Debug|Win32
		{948D6253-7871-435E-A6E4-5377F460A82A}.Debug|x86.Build.0 = Debug|Win32
		{948D6253-7871-435E-A6E4-5377F460A82A}.Release|x64.ActiveCfg = Release|x64
		{948D6253-7871-435E-A6E4-5377F460A82A}.Release|x64.Build.0 = Release|x64
		{948D6253-7871-435E-A6E4-5377F460A82A}.Release|x86.ActiveCfg = Release|Win32
		{948D6253-7871-435E-A6E4-5377F460A82A}.Release|x86.Build.0 = Release|Win32
		{15B84AB9-8A73-46E5-908B-0860730659FC}.Debug|x64.ActiveCfg = Debug|x64
		{15B84AB9-8A73-46E5-908B-0860730659FC}.Debug|x64.Build.0 = Debug|x64
		{15B84AB9-8A73-46E5-908B-0860730659FC}.Debug|x86.ActiveCfg = Debug|Win32
		{15B84AB9-8A73-46E5-908B-0860730659FC}.Debug|x86.Build.0 = Debug|Win32
		{15B84AB9-8A73-46E5-908B-0860730659FC}.Release|x64.ActiveCfg = Release|x64
		{15B84AB9-8A73-46E5-908B-0860730659FC}.Release|x64.Build.0 = Release|x64
		{15B84AB9-8A73-46E5-908B-0860730659FC}.Release|x86.ActiveCfg = Release|Win32
		{15B84AB9-8A73-46E5-908B-0860730659FC}.Release|x86.Build.0 = Release|Win32
		{BD44947D-17F7-46A3-B9A4-2FEBF1638DE1}.Debug|x64.ActiveCfg = Debug|x64
		{BD44947D-17F7-46A3-B9A4-2FEBF1638DE1}.Debug|x64.Build.0 = Debug|x64
		{BD44947D-17F7-46A3-B9A4-2FEBF1638DE1}.Debug|x86.ActiveCfg = Debug|Win32
		{BD44947D-17F7-46A3-B9A4-2FEBF1638DE1}.Debug|x86.Build.0 = Debug|Win32
		{BD44947D-17F7-46A3-B9A4-2FEBF1638DE1}.Release|x64.ActiveCfg = Release|x64
		{BD44947D-17F7-46A3-B9A4-2FEBF1638DE1}.Release|x64.Build.0 = Release|x64
		{BD44947D-17F7-46A3-B9A4-2FEBF1638DE1}.Release|x86.ActiveCfg = Release|Win32
		{BD44947D-17F7-46A3-B9A4-2FEBF1638DE1}.Release|x86.Build.0 = Release|Win32
		{A5B5D0B6-EC3D-4CD3-8944-0CD46745ACBD}.Debug|x64.ActiveCfg = Debug|x64
		{A5B5D0B6-EC3D-4CD3-8944-0CD46745ACBD}.Debug|x64.Build.0 = Debug|x64
		{A5B5D0B6-EC3D-4CD3-8944-0CD46745ACBD}.Debug|x86.ActiveCfg = Debug|Win32
		{A5B5D0B6-EC3D-4CD3-8944-0CD46745ACBD}.Debug|x86.Build.0 = Debug|Win32
		{A5B5D0B6-EC3D-4CD3-8944-0CD46745ACBD}.Release|x64.ActiveCfg = Release|x64
		{A5B5D0B6-EC3D-4CD3-8944-0CD46745ACBD}.Release|x64.Build.0 = Release|x64
		{A5B5D0B6-EC3D-4CD3-8944-0CD46745ACBD}.Release|x86.ActiveCfg = Release|Win32
		{A5B5D0B6-EC3D-4CD3-8944-0CD46745ACBD}.Release|x86.Build.0 = Release|Win32
		{A93D6EC3-A130-4CE6-AE04-810B34722D7C}.Debug|x64.ActiveCfg = Debug|x64
		{A93D6EC3-A130-4CE6-AE04-810B34722D7C}.Debug|x64.Build.0 = Debug|x64
		{A93D6EC3-A130-4CE6-AE04-810B34722D7C}.Debug|x86.ActiveCfg = Debug|Win32
		{A93D6EC3-A130-4CE6-AE04-810B34722D7C}.Debug|x86.Build.0 = Debug|Win32
		{A93D6EC3-A130-4CE6-AE04-810B34722D7C}.Release|x64.ActiveCfg = Release|x64
		{A93D6EC3-A130-4CE6-AE04-810B34722D7C}.Release|x64.Build.0 = Release|x64
		{A93D6EC3-A130-4CE6-AE04-810B34722D7C}.Release|x86.ActiveCfg = Release|Win32
		{A93D6EC3-A130-4CE6-AE04-810B34722D7C}.Release|x86.Build.0 = Release|Win32
	EndGlobalSection
	GlobalSection(SolutionProperties) = preSolution
		HideSolutionNode = FALSE
	EndGlobalSection
	GlobalSection(ExtensibilityGlobals) = postSolution
		SolutionGuid = {CC5ABF5E-4EBE-4457-ABAB-D93A1AB158F3}
	EndGlobalSection
EndGlobal
